
Microsoft Visual Studio Solution File, Format Version 12.00
# Visual Studio Version 16
VisualStudioVersion = 16.0.31729.503
MinimumVisualStudioVersion = 10.0.40219.1
Project("{888888A0-9F3D-457C-B088-3A5042F75D52}") = "VigadeOtsing1", "VigadeOtsing1\VigadeOtsing1.pyproj", "{C3C09A16-314A-4FFB-8E27-AB9542A6E7F1}"
EndProject
Global
	GlobalSection(SolutionConfigurationPlatforms) = preSolution
		Debug|Any CPU = Debug|Any CPU
		Release|Any CPU = Release|Any CPU
	EndGlobalSection
	GlobalSection(ProjectConfigurationPlatforms) = postSolution
		{C3C09A16-314A-4FFB-8E27-AB9542A6E7F1}.Debug|Any CPU.ActiveCfg = Debug|Any CPU
		{C3C09A16-314A-4FFB-8E27-AB9542A6E7F1}.Release|Any CPU.ActiveCfg = Release|Any CPU
	EndGlobalSection
	GlobalSection(SolutionProperties) = preSolution
		HideSolutionNode = FALSE
	EndGlobalSection
	GlobalSection(ExtensibilityGlobals) = postSolution
		SolutionGuid = {4F8120C3-3E03-48FF-9516-B19E6171D5D3}
	EndGlobalSection
EndGlobal
